
Microsoft Visual Studio Solution File, Format Version 12.00
# Visual Studio 15
VisualStudioVersion = 15.0.27703.2035
MinimumVisualStudioVersion = 10.0.40219.1
Project("{159641D6-6404-4A2A-AE62-294DE0FE8301}") = "ssisFetchNext", "ssisFetchNext\ssisFetchNext.dtproj", "{89E7E860-EAC4-4903-8CC6-6BA9AC121EF7}"
EndProject
Global
	GlobalSection(SolutionConfigurationPlatforms) = preSolution
		Development|Default = Development|Default
	EndGlobalSection
	GlobalSection(ProjectConfigurationPlatforms) = postSolution
		{89E7E860-EAC4-4903-8CC6-6BA9AC121EF7}.Development|Default.ActiveCfg = Development
		{89E7E860-EAC4-4903-8CC6-6BA9AC121EF7}.Development|Default.Build.0 = Development
	EndGlobalSection
	GlobalSection(SolutionProperties) = preSolution
		HideSolutionNode = FALSE
	EndGlobalSection
	GlobalSection(ExtensibilityGlobals) = postSolution
		SolutionGuid = {3B10B800-3E77-4140-8919-81F9E81CDC8B}
	EndGlobalSection
	GlobalSection(TeamFoundationVersionControl) = preSolution
		SccNumberOfProjects = 2
		SccEnterpriseProvider = {4CA58AB2-18FA-4F8D-95D4-32DDF27D184C}
		SccTeamFoundationServer = https://chanmmn.visualstudio.com/
		SccLocalPath0 = .
		SccProjectUniqueName1 = ssisFetchNext\\ssisFetchNext.dtproj
		SccProjectName1 = ssisFetchNext
		SccLocalPath1 = ssisFetchNext
	EndGlobalSection
EndGlobal
